{
  "requires": true,
  "lockfileVersion": 1,
  "dependencies": {
    "chrome-types": {
      "version": "0.1.176",
      "resolved": "https://registry.npmjs.org/chrome-types/-/chrome-types-0.1.176.tgz",
      "integrity": "sha512-nVFPjhaPqJTdwZGO26k6zV/lnB0PUbE9ycUsLkhnQJaPEVZGZxDUOouosm9WrsV8ZrqQzplYMAn/2lcH9Fs1iQ=="
    }
  }
}
